
Microsoft Visual Studio Solution File, Format Version 12.00
# Visual Studio Version 17
VisualStudioVersion = 17.2.32616.157
MinimumVisualStudioVersion = 10.0.40219.1
Project("{8BC9CEB8-8B4A-11D0-8D11-00A0C91BC942}") = "vectors", "vectors.vcxproj", "{BB8C89CB-5813-42F6-ABD6-95D0D345451B}"
EndProject
Global
	GlobalSection(SolutionConfigurationPlatforms) = preSolution
		Debug|x64 = Debug|x64
		Debug|x86 = Debug|x86
		Release|x64 = Release|x64
		Release|x86 = Release|x86
	EndGlobalSection
	GlobalSection(ProjectConfigurationPlatforms) = postSolution
		{BB8C89CB-5813-42F6-ABD6-95D0D345451B}.Debug|x64.ActiveCfg = Debug|x64
		{BB8C89CB-5813-42F6-ABD6-95D0D345451B}.Debug|x64.Build.0 = Debug|x64
		{BB8C89CB-5813-42F6-ABD6-95D0D345451B}.Debug|x86.ActiveCfg = Debug|Win32
		{BB8C89CB-5813-42F6-ABD6-95D0D345451B}.Debug|x86.Build.0 = Debug|Win32
		{BB8C89CB-5813-42F6-ABD6-95D0D345451B}.Release|x64.ActiveCfg = Release|x64
		{BB8C89CB-5813-42F6-ABD6-95D0D345451B}.Release|x64.Build.0 = Release|x64
		{BB8C89CB-5813-42F6-ABD6-95D0D345451B}.Release|x86.ActiveCfg = Release|Win32
		{BB8C89CB-5813-42F6-ABD6-95D0D345451B}.Release|x86.Build.0 = Release|Win32
	EndGlobalSection
	GlobalSection(SolutionProperties) = preSolution
		HideSolutionNode = FALSE
	EndGlobalSection
	GlobalSection(ExtensibilityGlobals) = postSolution
		SolutionGuid = {AA99FBA3-DA74-4626-B796-1A2A92D7E086}
	EndGlobalSection
EndGlobal
